# This is a Gradle generated file for dependency locking.
# Manual edits can break the build and are not advised.
# This file is expected to be part of source control.
com.atlassian.performance.tools:jvm-tasks:1.0.0
org.apache.logging.log4j:log4j-api:2.10.0
org.apache.logging.log4j:log4j-core:2.10.0
org.apache.logging.log4j:log4j-slf4j-impl:2.10.0
org.jetbrains.kotlin:kotlin-stdlib-jre7:1.2.30
org.jetbrains.kotlin:kotlin-stdlib-jre8:1.2.30
org.jetbrains.kotlin:kotlin-stdlib:1.2.30
org.jetbrains:annotations:13.0
org.slf4j:slf4j-api:1.8.0-alpha2
